{
  "name": "mybettingslipsgraphql",
  "version": "1.0.0",
  "lockfileVersion": 1,
  "requires": true,
  "dependencies": {
    "@types/zen-observable": {
      "version": "0.5.3",
      "resolved": "https://registry.npmjs.org/@types/zen-observable/-/zen-observable-0.5.3.tgz",
      "integrity": "sha512-aDvGDAHcVfUqNmd8q4//cHAP+HGxsbChbBbuk3+kMVk5TTxfWLpQWvVN3+UPjohLnwMYN7jr6BWNn2cYNqdm7g=="
    },
    "apollo-fetch": {
      "version": "0.6.0",
      "resolved": "https://registry.npmjs.org/apollo-fetch/-/apollo-fetch-0.6.0.tgz",
      "integrity": "sha1-qumyjBF680SwkeyLpNGlqgR03F0=",
      "requires": {
        "isomorphic-fetch": "2.2.1"
      }
    },
    "apollo-link": {
      "version": "0.7.0",
      "resolved": "https://registry.npmjs.org/apollo-link/-/apollo-link-0.7.0.tgz",
      "integrity": "sha512-LPwygaqW57k7D5rKEdd5xZcLL7SY7MbUkvDYXfU/+el6Iq46AXfxJICXrU6UVydngEBD1DYm0t8CT4JRk0MR7g==",
      "requires": {
        "apollo-utilities": "0.2.0-rc.3",
        "graphql": "0.11.7",
        "zen-observable-ts": "0.5.0"
      }
    },
    "apollo-link-http": {
      "version": "0.7.0",
      "resolved": "https://registry.npmjs.org/apollo-link-http/-/apollo-link-http-0.7.0.tgz",
      "integrity": "sha512-BCYxduD5oHfsiWz15pcjooyAsP4E6gmL1BH4z4ikwU6I++QhbIBt5zH+ezUQcOKcozNY7+ZfcA4oaRud9FbkbA==",
      "requires": {
        "apollo-fetch": "0.6.0",
        "graphql": "0.11.7"
      }
    },
    "apollo-utilities": {
      "version": "0.2.0-rc.3",
      "resolved": "https://registry.npmjs.org/apollo-utilities/-/apollo-utilities-0.2.0-rc.3.tgz",
      "integrity": "sha512-UM5ok/DUKSgh/3T302hoPqCAhqfXdvBaQKOQJb0QUuX3qu2qVKzvwFsv/C3zWYySeCJTP9EoV2LtooIJOhSL4g=="
    },
    "bcryptjs": {
      "version": "2.4.3",
      "resolved": "https://registry.npmjs.org/bcryptjs/-/bcryptjs-2.4.3.tgz",
      "integrity": "sha1-mrVie5PmBiH/fNrF2pczAn3x0Ms="
    },
    "cross-fetch": {
      "version": "2.0.0",
      "resolved": "https://registry.npmjs.org/cross-fetch/-/cross-fetch-2.0.0.tgz",
      "integrity": "sha512-gnx0GnDyW73iDq6DpqceL8i4GGn55PPKDzNwZkopJ3mKPcfJ0BUIXBsnYfJBVw+jFDB+hzIp2ELNRdqoxN6M3w==",
      "requires": {
        "node-fetch": "2.0.0",
        "whatwg-fetch": "2.0.3"
      },
      "dependencies": {
        "node-fetch": {
          "version": "2.0.0",
          "resolved": "https://registry.npmjs.org/node-fetch/-/node-fetch-2.0.0.tgz",
          "integrity": "sha1-mCu6Q+zU8pIqKcwYamu7C7c/y6Y="
        }
      }
    },
    "deprecated-decorator": {
      "version": "0.1.6",
      "resolved": "https://registry.npmjs.org/deprecated-decorator/-/deprecated-decorator-0.1.6.tgz",
      "integrity": "sha1-AJZjF7ehL+kvPMgx91g68ym4bDc="
    },
    "encoding": {
      "version": "0.1.12",
      "resolved": "https://registry.npmjs.org/encoding/-/encoding-0.1.12.tgz",
      "integrity": "sha1-U4tm8+5izRq1HsMjgp0flIDHS+s=",
      "requires": {
        "iconv-lite": "0.4.19"
      }
    },
    "es6-promise": {
      "version": "4.2.2",
      "resolved": "https://registry.npmjs.org/es6-promise/-/es6-promise-4.2.2.tgz",
      "integrity": "sha512-LSas5vsuA6Q4nEdf9wokY5/AJYXry98i0IzXsv49rYsgDGDNDPbqAYR1Pe23iFxygfbGZNR/5VrHXBCh2BhvUQ=="
    },
    "graphcool-lib": {
      "version": "0.1.4",
      "resolved": "https://registry.npmjs.org/graphcool-lib/-/graphcool-lib-0.1.4.tgz",
      "integrity": "sha512-qUmcS+nQLPR3gTOvfQbHAdwKkwBJlUIm1SNb+5lcPkh3iIPXSISHJcpt7kECNB2s75O8shKYGMXJRd3F5S2Aaw==",
      "requires": {
        "apollo-link": "0.7.0",
        "apollo-link-http": "0.7.0",
        "graphql": "0.11.7",
        "graphql-request": "1.5.1",
        "graphql-tools": "2.18.0",
        "node-fetch": "1.7.3",
        "source-map-support": "0.4.18"
      }
    },
    "graphql": {
      "version": "0.11.7",
      "resolved": "https://registry.npmjs.org/graphql/-/graphql-0.11.7.tgz",
      "integrity": "sha512-x7uDjyz8Jx+QPbpCFCMQ8lltnQa4p4vSYHx6ADe8rVYRTdsyhCJbvSty5DAsLVmU6cGakl+r8HQYolKHxk/tiw==",
      "requires": {
        "iterall": "1.1.3"
      }
    },
    "graphql-request": {
      "version": "1.5.1",
      "resolved": "https://registry.npmjs.org/graphql-request/-/graphql-request-1.5.1.tgz",
      "integrity": "sha512-p1f1q+D+5k1PMxsaZszestYW1BAEKjygliqTAhJI5nueRe74WRmwNQWAdrRBoCFRIpM0SZer98cbJF4PZHXaqg==",
      "requires": {
        "cross-fetch": "2.0.0"
      }
    },
    "graphql-subscriptions": {
      "version": "0.5.6",
      "resolved": "https://registry.npmjs.org/graphql-subscriptions/-/graphql-subscriptions-0.5.6.tgz",
      "integrity": "sha512-LQW9cg0/L/yBMEJFsQwKhDCJifPGh8oWZz29Tzq4DVEwwS65O0Om0YGB1FbK/hP9/lINdEk91khHAKJv3OLGxQ==",
      "requires": {
        "es6-promise": "4.2.2",
        "iterall": "1.1.3"
      }
    },
    "graphql-tools": {
      "version": "2.18.0",
      "resolved": "https://registry.npmjs.org/graphql-tools/-/graphql-tools-2.18.0.tgz",
      "integrity": "sha512-cMvxhPG5R4dv287BMBCRY8mXbkaqcDK3GYMGIpRK6FLZ+KBoOInjT7HYcQkW21C4Khfl702Ktbb0wormAuHHRA==",
      "requires": {
        "apollo-link": "1.0.7",
        "apollo-utilities": "1.0.4",
        "deprecated-decorator": "0.1.6",
        "graphql-subscriptions": "0.5.6",
        "uuid": "3.2.1"
      },
      "dependencies": {
        "apollo-link": {
          "version": "1.0.7",
          "resolved": "https://registry.npmjs.org/apollo-link/-/apollo-link-1.0.7.tgz",
          "integrity": "sha512-oHzvpIDEy4UCNdbOw42wtOK1zOzdMrt4ulYyon24zT24MjicezTmXqJh2mR6whTl8RiUDLDY4ByusdKKXdcqHw==",
          "requires": {
            "@types/zen-observable": "0.5.3",
            "apollo-utilities": "1.0.4",
            "zen-observable": "0.6.1"
          }
        },
        "apollo-utilities": {
          "version": "1.0.4",
          "resolved": "https://registry.npmjs.org/apollo-utilities/-/apollo-utilities-1.0.4.tgz",
          "integrity": "sha512-QnxSxRuJLCpa91P2Tzi3PCdpPydpBEawsHedr/hW7QrgOpn1fOicxgVrzhxt/au9rXSopwyDTBsGa7wEvz+DQQ=="
        }
      }
    },
    "iconv-lite": {
      "version": "0.4.19",
      "resolved": "https://registry.npmjs.org/iconv-lite/-/iconv-lite-0.4.19.tgz",
      "integrity": "sha512-oTZqweIP51xaGPI4uPa56/Pri/480R+mo7SeU+YETByQNhDG55ycFyNLIgta9vXhILrxXDmF7ZGhqZIcuN0gJQ=="
    },
    "is-stream": {
      "version": "1.1.0",
      "resolved": "https://registry.npmjs.org/is-stream/-/is-stream-1.1.0.tgz",
      "integrity": "sha1-EtSj3U5o4Lec6428hBc66A2RykQ="
    },
    "isomorphic-fetch": {
      "version": "2.2.1",
      "resolved": "https://registry.npmjs.org/isomorphic-fetch/-/isomorphic-fetch-2.2.1.tgz",
      "integrity": "sha1-YRrhrPFPXoH3KVB0coGf6XM1WKk=",
      "requires": {
        "node-fetch": "1.7.3",
        "whatwg-fetch": "2.0.3"
      }
    },
    "iterall": {
      "version": "1.1.3",
      "resolved": "https://registry.npmjs.org/iterall/-/iterall-1.1.3.tgz",
      "integrity": "sha512-Cu/kb+4HiNSejAPhSaN1VukdNTTi/r4/e+yykqjlG/IW+1gZH5b4+Bq3whDX4tvbYugta3r8KTMUiqT3fIGxuQ=="
    },
    "node-fetch": {
      "version": "1.7.3",
      "resolved": "https://registry.npmjs.org/node-fetch/-/node-fetch-1.7.3.tgz",
      "integrity": "sha512-NhZ4CsKx7cYm2vSrBAr2PvFOe6sWDf0UYLRqA6svUYg7+/TSfVAu49jYC4BvQ4Sms9SZgdqGBgroqfDhJdTyKQ==",
      "requires": {
        "encoding": "0.1.12",
        "is-stream": "1.1.0"
      }
    },
    "source-map": {
      "version": "0.5.7",
      "resolved": "https://registry.npmjs.org/source-map/-/source-map-0.5.7.tgz",
      "integrity": "sha1-igOdLRAh0i0eoUyA2OpGi6LvP8w="
    },
    "source-map-support": {
      "version": "0.4.18",
      "resolved": "https://registry.npmjs.org/source-map-support/-/source-map-support-0.4.18.tgz",
      "integrity": "sha512-try0/JqxPLF9nOjvSta7tVondkP5dwgyLDjVoyMDlmjugT2lRZ1OfsrYTkCd2hkDnJTKRbO/Rl3orm8vlsUzbA==",
      "requires": {
        "source-map": "0.5.7"
      }
    },
    "uuid": {
      "version": "3.2.1",
      "resolved": "https://registry.npmjs.org/uuid/-/uuid-3.2.1.tgz",
      "integrity": "sha512-jZnMwlb9Iku/O3smGWvZhauCf6cvvpKi4BKRiliS3cxnI+Gz9j5MEpTz2UFuXiKPJocb7gnsLHwiS05ige5BEA=="
    },
    "validator": {
      "version": "9.4.1",
      "resolved": "https://registry.npmjs.org/validator/-/validator-9.4.1.tgz",
      "integrity": "sha512-YV5KjzvRmSyJ1ee/Dm5UED0G+1L4GZnLN3w6/T+zZm8scVua4sOhYKWTUrKa0H/tMiJyO9QLHMPN+9mB/aMunA=="
    },
    "whatwg-fetch": {
      "version": "2.0.3",
      "resolved": "https://registry.npmjs.org/whatwg-fetch/-/whatwg-fetch-2.0.3.tgz",
      "integrity": "sha1-nITsLc9oGH/wC8ZOEnS0QhduHIQ="
    },
    "zen-observable": {
      "version": "0.6.1",
      "resolved": "https://registry.npmjs.org/zen-observable/-/zen-observable-0.6.1.tgz",
      "integrity": "sha512-DKjFTL7siVLIUMZOFZ0alqMEdTsXPUxoCZzrvB2tdWEVN/6606Qh1nCfSTCAOZMrtcPzzFI3BXmwBKLAew52NA=="
    },
    "zen-observable-ts": {
      "version": "0.5.0",
      "resolved": "https://registry.npmjs.org/zen-observable-ts/-/zen-observable-ts-0.5.0.tgz",
      "integrity": "sha512-8soRu9VE2HYkAAKcDegToWzu8snITcZjujnE4SXc+7IczbHXRCFkd4Cj4DgYq88nU6SwTU5lkea7KBGNa/CaFw=="
    }
  }
}
